
Microsoft Visual Studio Solution File, Format Version 12.00
# Visual Studio Version 17
VisualStudioVersion = 17.4.33122.133
MinimumVisualStudioVersion = 10.0.40219.1
Project("{9A19103F-16F7-4668-BE54-9A1E7A4F7556}") = "Taku.CoinMarketTest.API", "Taku.CoinMarketTest.API\Taku.CoinMarketTest.API.csproj", "{23AA39BB-C946-4DCE-B632-01F123F1C245}"
EndProject
Project("{9A19103F-16F7-4668-BE54-9A1E7A4F7556}") = "Taku.CoinMarketTest.Data", "Taku.CoinMarketTest.Data\Taku.CoinMarketTest.Data.csproj", "{CD90F641-D267-4540-80FD-116B530E85F6}"
EndProject
Project("{9A19103F-16F7-4668-BE54-9A1E7A4F7556}") = "Taku.CoinMarketTest.Domain", "Taku.CoinMarketTest.Domain\Taku.CoinMarketTest.Domain.csproj", "{A17D30A4-F143-4472-BE36-DB6C906078CC}"
EndProject
Project("{9A19103F-16F7-4668-BE54-9A1E7A4F7556}") = "Taku.CoinMarketTest.UnitTest", "Taku.CoinMarketTest.UnitTest\Taku.CoinMarketTest.UnitTest.csproj", "{F0015E47-5251-4E3D-8985-4E386C94DA0A}"
EndProject
Project("{9A19103F-16F7-4668-BE54-9A1E7A4F7556}") = "Taku.CoinMarketTest.IdentityServer", "Taku.CoinMarketTest.IdentityServer\Taku.CoinMarketTest.IdentityServer.csproj", "{3BC413DB-7C8D-4C94-B675-68285A673638}"
EndProject
Global
	GlobalSection(SolutionConfigurationPlatforms) = preSolution
		Debug|Any CPU = Debug|Any CPU
		Release|Any CPU = Release|Any CPU
	EndGlobalSection
	GlobalSection(ProjectConfigurationPlatforms) = postSolution
		{23AA39BB-C946-4DCE-B632-01F123F1C245}.Debug|Any CPU.ActiveCfg = Debug|Any CPU
		{23AA39BB-C946-4DCE-B632-01F123F1C245}.Debug|Any CPU.Build.0 = Debug|Any CPU
		{23AA39BB-C946-4DCE-B632-01F123F1C245}.Release|Any CPU.ActiveCfg = Release|Any CPU
		{23AA39BB-C946-4DCE-B632-01F123F1C245}.Release|Any CPU.Build.0 = Release|Any CPU
		{CD90F641-D267-4540-80FD-116B530E85F6}.Debug|Any CPU.ActiveCfg = Debug|Any CPU
		{CD90F641-D267-4540-80FD-116B530E85F6}.Debug|Any CPU.Build.0 = Debug|Any CPU
		{CD90F641-D267-4540-80FD-116B530E85F6}.Release|Any CPU.ActiveCfg = Release|Any CPU
		{CD90F641-D267-4540-80FD-116B530E85F6}.Release|Any CPU.Build.0 = Release|Any CPU
		{A17D30A4-F143-4472-BE36-DB6C906078CC}.Debug|Any CPU.ActiveCfg = Debug|Any CPU
		{A17D30A4-F143-4472-BE36-DB6C906078CC}.Debug|Any CPU.Build.0 = Debug|Any CPU
		{A17D30A4-F143-4472-BE36-DB6C906078CC}.Release|Any CPU.ActiveCfg = Release|Any CPU
		{A17D30A4-F143-4472-BE36-DB6C906078CC}.Release|Any CPU.Build.0 = Release|Any CPU
		{F0015E47-5251-4E3D-8985-4E386C94DA0A}.Debug|Any CPU.ActiveCfg = Debug|Any CPU
		{F0015E47-5251-4E3D-8985-4E386C94DA0A}.Debug|Any CPU.Build.0 = Debug|Any CPU
		{F0015E47-5251-4E3D-8985-4E386C94DA0A}.Release|Any CPU.ActiveCfg = Release|Any CPU
		{F0015E47-5251-4E3D-8985-4E386C94DA0A}.Release|Any CPU.Build.0 = Release|Any CPU
		{3BC413DB-7C8D-4C94-B675-68285A673638}.Debug|Any CPU.ActiveCfg = Debug|Any CPU
		{3BC413DB-7C8D-4C94-B675-68285A673638}.Debug|Any CPU.Build.0 = Debug|Any CPU
		{3BC413DB-7C8D-4C94-B675-68285A673638}.Release|Any CPU.ActiveCfg = Release|Any CPU
		{3BC413DB-7C8D-4C94-B675-68285A673638}.Release|Any CPU.Build.0 = Release|Any CPU
	EndGlobalSection
	GlobalSection(SolutionProperties) = preSolution
		HideSolutionNode = FALSE
	EndGlobalSection
	GlobalSection(ExtensibilityGlobals) = postSolution
		SolutionGuid = {03741F6B-3D7F-46F0-8240-13E5533CEA29}
	EndGlobalSection
EndGlobal
