
Microsoft Visual Studio Solution File, Format Version 12.00
# Visual Studio Version 17
VisualStudioVersion = 17.4.33122.133
MinimumVisualStudioVersion = 10.0.40219.1
Project("{FAE04EC0-301F-11D3-BF4B-00C04F79EFBC}") = "Taku.CoinMarketTest.API", "Taku.CoinMarketTest.API\Taku.CoinMarketTest.API.csproj", "{23AA39BB-C946-4DCE-B632-01F123F1C245}"
EndProject
Project("{FAE04EC0-301F-11D3-BF4B-00C04F79EFBC}") = "Taku.CoinMarketTest.Data", "Taku.CoinMarketTest.Data\Taku.CoinMarketTest.Data.csproj", "{CD90F641-D267-4540-80FD-116B530E85F6}"
EndProject
Project("{FAE04EC0-301F-11D3-BF4B-00C04F79EFBC}") = "Taku.CoinMarketTest.Domain", "Taku.CoinMarketTest.Domain\Taku.CoinMarketTest.Domain.csproj", "{A17D30A4-F143-4472-BE36-DB6C906078CC}"
EndProject
Global
	GlobalSection(SolutionConfigurationPlatforms) = preSolution
		Debug|Any CPU = Debug|Any CPU
		Release|Any CPU = Release|Any CPU
	EndGlobalSection
	GlobalSection(ProjectConfigurationPlatforms) = postSolution
		{23AA39BB-C946-4DCE-B632-01F123F1C245}.Debug|Any CPU.ActiveCfg = Debug|Any CPU
		{23AA39BB-C946-4DCE-B632-01F123F1C245}.Debug|Any CPU.Build.0 = Debug|Any CPU
		{23AA39BB-C946-4DCE-B632-01F123F1C245}.Release|Any CPU.ActiveCfg = Release|Any CPU
		{23AA39BB-C946-4DCE-B632-01F123F1C245}.Release|Any CPU.Build.0 = Release|Any CPU
		{CD90F641-D267-4540-80FD-116B530E85F6}.Debug|Any CPU.ActiveCfg = Debug|Any CPU
		{CD90F641-D267-4540-80FD-116B530E85F6}.Debug|Any CPU.Build.0 = Debug|Any CPU
		{CD90F641-D267-4540-80FD-116B530E85F6}.Release|Any CPU.ActiveCfg = Release|Any CPU
		{CD90F641-D267-4540-80FD-116B530E85F6}.Release|Any CPU.Build.0 = Release|Any CPU
		{A17D30A4-F143-4472-BE36-DB6C906078CC}.Debug|Any CPU.ActiveCfg = Debug|Any CPU
		{A17D30A4-F143-4472-BE36-DB6C906078CC}.Debug|Any CPU.Build.0 = Debug|Any CPU
		{A17D30A4-F143-4472-BE36-DB6C906078CC}.Release|Any CPU.ActiveCfg = Release|Any CPU
		{A17D30A4-F143-4472-BE36-DB6C906078CC}.Release|Any CPU.Build.0 = Release|Any CPU
	EndGlobalSection
	GlobalSection(SolutionProperties) = preSolution
		HideSolutionNode = FALSE
	EndGlobalSection
	GlobalSection(ExtensibilityGlobals) = postSolution
		SolutionGuid = {03741F6B-3D7F-46F0-8240-13E5533CEA29}
	EndGlobalSection
EndGlobal
